// !$*UTF8*$!
{
	archiveVersion = 1;
	classes = {
	};
	objectVersion = 46;
	objects = {

/* Begin PBXBuildFile section */
		FEE31A7E1E6CC0800093EC7F /* AppDelegate.swift in Sources */ = {isa = PBXBuildFile; fileRef = FEE31A7D1E6CC0800093EC7F /* AppDelegate.swift */; };
		FEE31A801E6CC0800093EC7F /* ViewController.swift in Sources */ = {isa = PBXBuildFile; fileRef = FEE31A7F1E6CC0800093EC7F /* ViewController.swift */; };
		FEE31A831E6CC0800093EC7F /* Main.storyboard in Resources */ = {isa = PBXBuildFile; fileRef = FEE31A811E6CC0800093EC7F /* Main.storyboard */; };
		FEE31A851E6CC0800093EC7F /* Assets.xcassets in Resources */ = {isa = PBXBuildFile; fileRef = FEE31A841E6CC0800093EC7F /* Assets.xcassets */; };
		FEE31A881E6CC0800093EC7F /* LaunchScreen.storyboard in Resources */ = {isa = PBXBuildFile; fileRef = FEE31A861E6CC0800093EC7F /* LaunchScreen.storyboard */; };
/* End PBXBuildFile section */

/* Begin PBXFileReference section */
		FEE31A7A1E6CC0800093EC7F /* NumberGame.app */ = {isa = PBXFileReference; explicitFileType = wrapper.application; includeInIndex = 0; path = NumberGame.app; sourceTree = BUILT_PRODUCTS_DIR; };
		FEE31A7D1E6CC0800093EC7F /* AppDelegate.swift */ = {isa = PBXFileReference; lastKnownFileType = sourcecode.swift; path = AppDelegate.swift; sourceTree = "<group>"; };
		FEE31A7F1E6CC0800093EC7F /* ViewController.swift */ = {isa = PBXFileReference; lastKnownFileType = sourcecode.swift; path = ViewController.swift; sourceTree = "<group>"; };
		FEE31A821E6CC0800093EC7F /* Base */ = {isa = PBXFileReference; lastKnownFileType = file.storyboard; name = Base; path = Base.lproj/Main.storyboard; sourceTree = "<group>"; };
		FEE31A841E6CC0800093EC7F /* Assets.xcassets */ = {isa = PBXFileReference; lastKnownFileType = folder.assetcatalog; path = Assets.xcassets; sourceTree = "<group>"; };
		FEE31A871E6CC0800093EC7F /* Base */ = {isa = PBXFileReference; lastKnownFileType = file.storyboard; name = Base; path = Base.lproj/LaunchScreen.storyboard; sourceTree = "<group>"; };
		FEE31A891E6CC0800093EC7F /* Info.plist */ = {isa = PBXFileReference; lastKnownFileType = text.plist.xml; path = Info.plist; sourceTree = "<group>"; };
/* End PBXFileReference section */

/* Begin PBXFrameworksBuildPhase section */
		FEE31A771E6CC07F0093EC7F /* Frameworks */ = {
			isa = PBXFrameworksBuildPhase;
			buildActionMask = 2147483647;
			files = (
			);
			runOnlyForDeploymentPostprocessing = 0;
		};
/* End PBXFrameworksBuildPhase section */

/* Begin PBXGroup section */
		FEE31A711E6CC07F0093EC7F = {
			isa = PBXGroup;
			children = (
				FEE31A7C1E6CC0800093EC7F /* NumberGame */,
				FEE31A7B1E6CC0800093EC7F /* Products */,
			);
			sourceTree = "<group>";
		};
		FEE31A7B1E6CC0800093EC7F /* Products */ = {
			isa = PBXGroup;
			children = (
				FEE31A7A1E6CC0800093EC7F /* NumberGame.app */,
			);
			name = Products;
			sourceTree = "<group>";
		};
		FEE31A7C1E6CC0800093EC7F /* NumberGame */ = {
			isa = PBXGroup;
			children = (
				FEE31A7D1E6CC0800093EC7F /* AppDelegate.swift */,
				FEE31A7F1E6CC0800093EC7F /* ViewController.swift */,
				FEE31A811E6CC0800093EC7F /* Main.storyboard */,
				FEE31A841E6CC0800093EC7F /* Assets.xcassets */,
				FEE31A861E6CC0800093EC7F /* LaunchScreen.storyboard */,
				FEE31A891E6CC0800093EC7F /* Info.plist */,
			);
			path = NumberGame;
			sourceTree = "<group>";
		};
/* End PBXGroup section */

/* Begin PBXNativeTarget section */
		FEE31A791E6CC07F0093EC7F /* NumberGame */ = {
			isa = PBXNativeTarget;
			buildConfigurationList = FEE31A8C1E6CC0800093EC7F /* Build configuration list for PBXNativeTarget "NumberGame" */;
			buildPhases = (
				FEE31A761E6CC07F0093EC7F /* Sources */,
				FEE31A771E6CC07F0093EC7F /* Frameworks */,
				FEE31A781E6CC07F0093EC7F /* Resources */,
			);
			buildRules = (
			);
			dependencies = (
			);
			name = NumberGame;
			productName = NumberGame;
			productReference = FEE31A7A1E6CC0800093EC7F /* NumberGame.app */;
			productType = "com.apple.product-type.application";
		};
/* End PBXNativeTarget section */

/* Begin PBXProject section */
		FEE31A721E6CC07F0093EC7F /* Project object */ = {
			isa = PBXProject;
			attributes = {
				LastSwiftUpdateCheck = 0820;
				LastUpgradeCheck = 0820;
				ORGANIZATIONNAME = simplyAmazingMachines;
				TargetAttributes = {
					FEE31A791E6CC07F0093EC7F = {
						CreatedOnToolsVersion = 8.2;
						DevelopmentTeam = 4LBT7283WA;
						ProvisioningStyle = Automatic;
					};
				};
			};
			buildConfigurationList = FEE31A751E6CC07F0093EC7F /* Build configuration list for PBXProject "NumberGame" */;
			compatibilityVersion = "Xcode 3.2";
			developmentRegion = English;
			hasScannedForEncodings = 0;
			knownRegions = (
				en,
				Base,
			);
			mainGroup = FEE31A711E6CC07F0093EC7F;
			productRefGroup = FEE31A7B1E6CC0800093EC7F /* Products */;
			projectDirPath = "";
			projectRoot = "";
			targets = (
				FEE31A791E6CC07F0093EC7F /* NumberGame */,
			);
		};
/* End PBXProject section */

/* Begin PBXResourcesBuildPhase section */
		FEE31A781E6CC07F0093EC7F /* Resources */ = {
			isa = PBXResourcesBuildPhase;
			buildActionMask = 2147483647;
			files = (
				FEE31A881E6CC0800093EC7F /* LaunchScreen.storyboard in Resources */,
				FEE31A851E6CC0800093EC7F /* Assets.xcassets in Resources */,
				FEE31A831E6CC0800093EC7F /* Main.storyboard in Resources */,
			);
			runOnlyForDeploymentPostprocessing = 0;
		};
/* End PBXResourcesBuildPhase section */

/* Begin PBXSourcesBuildPhase section */
		FEE31A761E6CC07F0093EC7F /* Sources */ = {
			isa = PBXSourcesBuildPhase;
			buildActionMask = 2147483647;
			files = (
				FEE31A801E6CC0800093EC7F /* ViewController.swift in Sources */,
				FEE31A7E1E6CC0800093EC7F /* AppDelegate.swift in Sources */,
			);
			runOnlyForDeploymentPostprocessing = 0;
		};
/* End PBXSourcesBuildPhase section */

/* Begin PBXVariantGroup section */
		FEE31A811E6CC0800093EC7F /* Main.storyboard */ = {
			isa = PBXVariantGroup;
			children = (
				FEE31A821E6CC0800093EC7F /* Base */,
			);
			name = Main.storyboard;
			sourceTree = "<group>";
		};
		FEE31A861E6CC0800093EC7F /* LaunchScreen.storyboard */ = {
			isa = PBXVariantGroup;
			children = (
				FEE31A871E6CC0800093EC7F /* Base */,
			);
			name = LaunchScreen.storyboard;
			sourceTree = "<group>";
		};
/* End PBXVariantGroup section */

/* Begin XCBuildConfiguration section */
		FEE31A8A1E6CC0800093EC7F /* Debug */ = {
			isa = XCBuildConfiguration;
			buildSettings = {
				ALWAYS_SEARCH_USER_PATHS = NO;
				CLANG_ANALYZER_NONNULL = YES;
				CLANG_CXX_LANGUAGE_STANDARD = "gnu++0x";
				CLANG_CXX_LIBRARY = "libc++";
				CLANG_ENABLE_MODULES = YES;
				CLANG_ENABLE_OBJC_ARC = YES;
				CLANG_WARN_BOOL_CONVERSION = YES;
				CLANG_WARN_CONSTANT_CONVERSION = YES;
				CLANG_WARN_DIRECT_OBJC_ISA_USAGE = YES_ERROR;
				CLANG_WARN_DOCUMENTATION_COMMENTS = YES;
				CLANG_WARN_EMPTY_BODY = YES;
				CLANG_WARN_ENUM_CONVERSION = YES;
				CLANG_WARN_INFINITE_RECURSION = YES;
				CLANG_WARN_INT_CONVERSION = YES;
				CLANG_WARN_OBJC_ROOT_CLASS = YES_ERROR;
				CLANG_WARN_SUSPICIOUS_MOVE = YES;
				CLANG_WARN_UNREACHABLE_CODE = YES;
				CLANG_WARN__DUPLICATE_METHOD_MATCH = YES;
				"CODE_SIGN_IDENTITY[sdk=iphoneos*]" = "iPhone Developer";
				COPY_PHASE_STRIP = NO;
				DEBUG_INFORMATION_FORMAT = dwarf;
				ENABLE_STRICT_OBJC_MSGSEND = YES;
				ENABLE_TESTABILITY = YES;
				GCC_C_LANGUAGE_STANDARD = gnu99;
				GCC_DYNAMIC_NO_PIC = NO;
				GCC_NO_COMMON_BLOCKS = YES;
				GCC_OPTIMIZATION_LEVEL = 0;
				GCC_PREPROCESSOR_DEFINITIONS = (
					"DEBUG=1",
					"$(inherited)",
				);
				GCC_WARN_64_TO_32_BIT_CONVERSION = YES;
				GCC_WARN_ABOUT_RETURN_TYPE = YES_ERROR;
				GCC_WARN_UNDECLARED_SELECTOR = YES;
				GCC_WARN_UNINITIALIZED_AUTOS = YES_AGGRESSIVE;
				GCC_WARN_UNUSED_FUNCTION = YES;
				GCC_WARN_UNUSED_VARIABLE = YES;
				IPHONEOS_DEPLOYMENT_TARGET = 10.2;
				MTL_ENABLE_DEBUG_INFO = YES;
				ONLY_ACTIVE_ARCH = YES;
				SDKROOT = iphoneos;
				SWIFT_ACTIVE_COMPILATION_CONDITIONS = DEBUG;
				SWIFT_OPTIMIZATION_LEVEL = "-Onone";
				TARGETED_DEVICE_FAMILY = "1,2";
			};
			name = Debug;
		};
		FEE31A8B1E6CC0800093EC7F /* Release */ = {
			isa = XCBuildConfiguration;
			buildSettings = {
				ALWAYS_SEARCH_USER_PATHS = NO;
				CLANG_ANALYZER_NONNULL = YES;
				CLANG_CXX_LANGUAGE_STANDARD = "gnu++0x";
				CLANG_CXX_LIBRARY = "libc++";
				CLANG_ENABLE_MODULES = YES;
				CLANG_ENABLE_OBJC_ARC = YES;
				CLANG_WARN_BOOL_CONVERSION = YES;
				CLANG_WARN_CONSTANT_CONVERSION = YES;
				CLANG_WARN_DIRECT_OBJC_ISA_USAGE = YES_ERROR;
				CLANG_WARN_DOCUMENTATION_COMMENTS = YES;
				CLANG_WARN_EMPTY_BODY = YES;
				CLANG_WARN_ENUM_CONVERSION = YES;
				CLANG_WARN_INFINITE_RECURSION = YES;
				CLANG_WARN_INT_CONVERSION = YES;
				CLANG_WARN_OBJC_ROOT_CLASS = YES_ERROR;
				CLANG_WARN_SUSPICIOUS_MOVE = YES;
				CLANG_WARN_UNREACHABLE_CODE = YES;
				CLANG_WARN__DUPLICATE_METHOD_MATCH = YES;
				"CODE_SIGN_IDENTITY[sdk=iphoneos*]" = "iPhone Developer";
				COPY_PHASE_STRIP = NO;
				DEBUG_INFORMATION_FORMAT = "dwarf-with-dsym";
				ENABLE_NS_ASSERTIONS = NO;
				ENABLE_STRICT_OBJC_MSGSEND = YES;
				GCC_C_LANGUAGE_STANDARD = gnu99;
				GCC_NO_COMMON_BLOCKS = YES;
				GCC_WARN_64_TO_32_BIT_CONVERSION = YES;
				GCC_WARN_ABOUT_RETURN_TYPE = YES_ERROR;
				GCC_WARN_UNDECLARED_SELECTOR = YES;
				GCC_WARN_UNINITIALIZED_AUTOS = YES_AGGRESSIVE;
				GCC_WARN_UNUSED_FUNCTION = YES;
				GCC_WARN_UNUSED_VARIABLE = YES;
				IPHONEOS_DEPLOYMENT_TARGET = 10.2;
				MTL_ENABLE_DEBUG_INFO = NO;
				SDKROOT = iphoneos;
				SWIFT_OPTIMIZATION_LEVEL = "-Owholemodule";
				TARGETED_DEVICE_FAMILY = "1,2";
				VALIDATE_PRODUCT = YES;
			};
			name = Release;
		};
		FEE31A8D1E6CC0800093EC7F /* Debug */ = {
			isa = XCBuildConfiguration;
			buildSettings = {
				ASSETCATALOG_COMPILER_APPICON_NAME = AppIcon;
				DEVELOPMENT_TEAM = 4LBT7283WA;
				INFOPLIST_FILE = NumberGame/Info.plist;
				LD_RUNPATH_SEARCH_PATHS = "$(inherited) @executable_path/Frameworks";
				PRODUCT_BUNDLE_IDENTIFIER = com.simple.NumberGame;
				PRODUCT_NAME = "$(TARGET_NAME)";
				SWIFT_VERSION = 3.0;
			};
			name = Debug;
		};
		FEE31A8E1E6CC0800093EC7F /* Release */ = {
			isa = XCBuildConfiguration;
			buildSettings = {
				ASSETCATALOG_COMPILER_APPICON_NAME = AppIcon;
				DEVELOPMENT_TEAM = 4LBT7283WA;
				INFOPLIST_FILE = NumberGame/Info.plist;
				LD_RUNPATH_SEARCH_PATHS = "$(inherited) @executable_path/Frameworks";
				PRODUCT_BUNDLE_IDENTIFIER = com.simple.NumberGame;
				PRODUCT_NAME = "$(TARGET_NAME)";
				SWIFT_VERSION = 3.0;
			};
			name = Release;
		};
/* End XCBuildConfiguration section */

/* Begin XCConfigurationList section */
		FEE31A751E6CC07F0093EC7F /* Build configuration list for PBXProject "NumberGame" */ = {
			isa = XCConfigurationList;
			buildConfigurations = (
				FEE31A8A1E6CC0800093EC7F /* Debug */,
				FEE31A8B1E6CC0800093EC7F /* Release */,
			);
			defaultConfigurationIsVisible = 0;
			defaultConfigurationName = Release;
		};
		FEE31A8C1E6CC0800093EC7F /* Build configuration list for PBXNativeTarget "NumberGame" */ = {
			isa = XCConfigurationList;
			buildConfigurations = (
				FEE31A8D1E6CC0800093EC7F /* Debug */,
				FEE31A8E1E6CC0800093EC7F /* Release */,
			);
			defaultConfigurationIsVisible = 0;
		};
/* End XCConfigurationList section */
	};
	rootObject = FEE31A721E6CC07F0093EC7F /* Project object */;
}
